
Microsoft Visual Studio Solution File, Format Version 12.00
# Visual Studio Version 17
VisualStudioVersion = 17.0.31903.59
MinimumVisualStudioVersion = 10.0.40219.1
Project("{FAE04EC0-301F-11D3-BF4B-00C04F79EFBC}") = "ex1", "ex01\ex1.csproj", "{EA9120DD-22D2-440A-A71C-4C4CAB630656}"
EndProject
Project("{FAE04EC0-301F-11D3-BF4B-00C04F79EFBC}") = "ex2", "ex02\ex2.csproj", "{006C509B-20D1-4BF2-97BB-34583AC6D9CF}"
EndProject
Project("{FAE04EC0-301F-11D3-BF4B-00C04F79EFBC}") = "ex3", "ex03\ex3.csproj", "{3A41153E-E451-42DB-94AA-5A2BDA3EE5FA}"
EndProject
Project("{FAE04EC0-301F-11D3-BF4B-00C04F79EFBC}") = "Soma de Números Pares de Um Array", "ex07\Soma de Números Pares de Um Array.csproj", "{E0D60E35-0C56-4FDA-8CF6-E4E5F95E8C90}"
EndProject
Project("{FAE04EC0-301F-11D3-BF4B-00C04F79EFBC}") = "Cálculo de IMC com Classificacão", "ex08\Cálculo de IMC com Classificacão.csproj", "{54195A8F-250B-4C84-86C3-C265AD8C8ADF}"
EndProject
Project("{FAE04EC0-301F-11D3-BF4B-00C04F79EFBC}") = "Jogo da adivinhação", "ex09\Jogo da adivinhação.csproj", "{F4B6F805-1D5D-4DFB-9709-AB52B163A7C5}"
EndProject
Project("{FAE04EC0-301F-11D3-BF4B-00C04F79EFBC}") = "TodoList", "ex10\TodoList.csproj", "{13D698E8-B441-4FF6-8074-B36F3475B370}"
EndProject
Project("{FAE04EC0-301F-11D3-BF4B-00C04F79EFBC}") = "ex04", "ex04\ex04.csproj", "{EEF6B8E2-78B7-455C-9D08-121531A2572D}"
EndProject
Project("{FAE04EC0-301F-11D3-BF4B-00C04F79EFBC}") = "ex05", "ex05\ex05.csproj", "{2E83A7F9-58D4-48E5-8EE1-8EEFCFDC0D32}"
EndProject
Project("{FAE04EC0-301F-11D3-BF4B-00C04F79EFBC}") = "ex06", "ex06\ex06.csproj", "{32BCAA98-3832-440C-ABE7-6FBA7CE7A2E4}"
EndProject
Global
	GlobalSection(SolutionConfigurationPlatforms) = preSolution
		Debug|Any CPU = Debug|Any CPU
		Release|Any CPU = Release|Any CPU
	EndGlobalSection
	GlobalSection(SolutionProperties) = preSolution
		HideSolutionNode = FALSE
	EndGlobalSection
	GlobalSection(ProjectConfigurationPlatforms) = postSolution
		{EA9120DD-22D2-440A-A71C-4C4CAB630656}.Debug|Any CPU.ActiveCfg = Debug|Any CPU
		{EA9120DD-22D2-440A-A71C-4C4CAB630656}.Debug|Any CPU.Build.0 = Debug|Any CPU
		{EA9120DD-22D2-440A-A71C-4C4CAB630656}.Release|Any CPU.ActiveCfg = Release|Any CPU
		{EA9120DD-22D2-440A-A71C-4C4CAB630656}.Release|Any CPU.Build.0 = Release|Any CPU
		{006C509B-20D1-4BF2-97BB-34583AC6D9CF}.Debug|Any CPU.ActiveCfg = Debug|Any CPU
		{006C509B-20D1-4BF2-97BB-34583AC6D9CF}.Debug|Any CPU.Build.0 = Debug|Any CPU
		{006C509B-20D1-4BF2-97BB-34583AC6D9CF}.Release|Any CPU.ActiveCfg = Release|Any CPU
		{006C509B-20D1-4BF2-97BB-34583AC6D9CF}.Release|Any CPU.Build.0 = Release|Any CPU
		{3A41153E-E451-42DB-94AA-5A2BDA3EE5FA}.Debug|Any CPU.ActiveCfg = Debug|Any CPU
		{3A41153E-E451-42DB-94AA-5A2BDA3EE5FA}.Debug|Any CPU.Build.0 = Debug|Any CPU
		{3A41153E-E451-42DB-94AA-5A2BDA3EE5FA}.Release|Any CPU.ActiveCfg = Release|Any CPU
		{3A41153E-E451-42DB-94AA-5A2BDA3EE5FA}.Release|Any CPU.Build.0 = Release|Any CPU
		{EEF6B8E2-78B7-455C-9D08-121531A2572D}.Debug|Any CPU.ActiveCfg = Debug|Any CPU
		{EEF6B8E2-78B7-455C-9D08-121531A2572D}.Debug|Any CPU.Build.0 = Debug|Any CPU
		{EEF6B8E2-78B7-455C-9D08-121531A2572D}.Release|Any CPU.ActiveCfg = Release|Any CPU
		{EEF6B8E2-78B7-455C-9D08-121531A2572D}.Release|Any CPU.Build.0 = Release|Any CPU
		{2E83A7F9-58D4-48E5-8EE1-8EEFCFDC0D32}.Debug|Any CPU.ActiveCfg = Debug|Any CPU
		{2E83A7F9-58D4-48E5-8EE1-8EEFCFDC0D32}.Debug|Any CPU.Build.0 = Debug|Any CPU
		{2E83A7F9-58D4-48E5-8EE1-8EEFCFDC0D32}.Release|Any CPU.ActiveCfg = Release|Any CPU
		{2E83A7F9-58D4-48E5-8EE1-8EEFCFDC0D32}.Release|Any CPU.Build.0 = Release|Any CPU
		{32BCAA98-3832-440C-ABE7-6FBA7CE7A2E4}.Debug|Any CPU.ActiveCfg = Debug|Any CPU
		{32BCAA98-3832-440C-ABE7-6FBA7CE7A2E4}.Debug|Any CPU.Build.0 = Debug|Any CPU
		{32BCAA98-3832-440C-ABE7-6FBA7CE7A2E4}.Release|Any CPU.ActiveCfg = Release|Any CPU
		{32BCAA98-3832-440C-ABE7-6FBA7CE7A2E4}.Release|Any CPU.Build.0 = Release|Any CPU
	EndGlobalSection
EndGlobal
